PODS:
  - Lux (0.1.0)
  - SnapKit (5.0.1)

DEPENDENCIES:
  - Lux (from `../`)
  - SnapKit

SPEC REPOS:
  trunk:
    - SnapKit

EXTERNAL SOURCES:
  Lux:
    :path: "../"

SPEC CHECKSUMS:
  Lux: 63a77b62a5de61cb912c8dfd63351d44eb3811f9
  SnapKit: 97b92857e3df3a0c71833cce143274bf6ef8e5eb

PODFILE CHECKSUM: d2376f6853a45eb80d6cd10a3eb1047360db1e9b

COCOAPODS: 1.10.1
